// !$*UTF8*$!
{
	archiveVersion = 1;
	classes = {
	};
	objectVersion = 56;
	objects = {

/* Begin PBXBuildFile section */
		ABD2B1612B68F83900316F64 /* TipCalcApp.swift in Sources */ = {isa = PBXBuildFile; fileRef = ABD2B1602B68F83900316F64 /* TipCalcApp.swift */; };
		ABD2B1632B68F83900316F64 /* ContentView.swift in Sources */ = {isa = PBXBuildFile; fileRef = ABD2B1622B68F83900316F64 /* ContentView.swift */; };
		ABD2B1652B68F83B00316F64 /* Assets.xcassets in Resources */ = {isa = PBXBuildFile; fileRef = ABD2B1642B68F83B00316F64 /* Assets.xcassets */; };
		ABD2B1692B68F83B00316F64 /* Preview Assets.xcassets in Resources */ = {isa = PBXBuildFile; fileRef = ABD2B1682B68F83B00316F64 /* Preview Assets.xcassets */; };
		ABD2B1732B68F83B00316F64 /* TipCalcTests.swift in Sources */ = {isa = PBXBuildFile; fileRef = ABD2B1722B68F83B00316F64 /* TipCalcTests.swift */; };
		ABD2B17D2B68F83B00316F64 /* TipCalcUITests.swift in Sources */ = {isa = PBXBuildFile; fileRef = ABD2B17C2B68F83B00316F64 /* TipCalcUITests.swift */; };
		ABD2B17F2B68F83B00316F64 /* TipCalcUITestsLaunchTests.swift in Sources */ = {isa = PBXBuildFile; fileRef = ABD2B17E2B68F83B00316F64 /* TipCalcUITestsLaunchTests.swift */; };
/* End PBXBuildFile section */

/* Begin PBXContainerItemProxy section */
		ABD2B16F2B68F83B00316F64 /* PBXContainerItemProxy */ = {
			isa = PBXContainerItemProxy;
			containerPortal = ABD2B1552B68F83900316F64 /* Project object */;
			proxyType = 1;
			remoteGlobalIDString = ABD2B15C2B68F83900316F64;
			remoteInfo = TipCalc;
		};
		ABD2B1792B68F83B00316F64 /* PBXContainerItemProxy */ = {
			isa = PBXContainerItemProxy;
			containerPortal = ABD2B1552B68F83900316F64 /* Project object */;
			proxyType = 1;
			remoteGlobalIDString = ABD2B15C2B68F83900316F64;
			remoteInfo = TipCalc;
		};
/* End PBXContainerItemProxy section */

/* Begin PBXFileReference section */
		ABD2B15D2B68F83900316F64 /* TipCalc.app */ = {isa = PBXFileReference; explicitFileType = wrapper.application; includeInIndex = 0; path = TipCalc.app; sourceTree = BUILT_PRODUCTS_DIR; };
		ABD2B1602B68F83900316F64 /* TipCalcApp.swift */ = {isa = PBXFileReference; lastKnownFileType = sourcecode.swift; path = TipCalcApp.swift; sourceTree = "<group>"; };
		ABD2B1622B68F83900316F64 /* ContentView.swift */ = {isa = PBXFileReference; lastKnownFileType = sourcecode.swift; path = ContentView.swift; sourceTree = "<group>"; };
		ABD2B1642B68F83B00316F64 /* Assets.xcassets */ = {isa = PBXFileReference; lastKnownFileType = folder.assetcatalog; path = Assets.xcassets; sourceTree = "<group>"; };
		ABD2B1662B68F83B00316F64 /* TipCalc.entitlements */ = {isa = PBXFileReference; lastKnownFileType = text.plist.entitlements; path = TipCalc.entitlements; sourceTree = "<group>"; };
		ABD2B1682B68F83B00316F64 /* Preview Assets.xcassets */ = {isa = PBXFileReference; lastKnownFileType = folder.assetcatalog; path = "Preview Assets.xcassets"; sourceTree = "<group>"; };
		ABD2B16E2B68F83B00316F64 /* TipCalcTests.xctest */ = {isa = PBXFileReference; explicitFileType = wrapper.cfbundle; includeInIndex = 0; path = TipCalcTests.xctest; sourceTree = BUILT_PRODUCTS_DIR; };
		ABD2B1722B68F83B00316F64 /* TipCalcTests.swift */ = {isa = PBXFileReference; lastKnownFileType = sourcecode.swift; path = TipCalcTests.swift; sourceTree = "<group>"; };
		ABD2B1782B68F83B00316F64 /* TipCalcUITests.xctest */ = {isa = PBXFileReference; explicitFileType = wrapper.cfbundle; includeInIndex = 0; path = TipCalcUITests.xctest; sourceTree = BUILT_PRODUCTS_DIR; };
		ABD2B17C2B68F83B00316F64 /* TipCalcUITests.swift */ = {isa = PBXFileReference; lastKnownFileType = sourcecode.swift; path = TipCalcUITests.swift; sourceTree = "<group>"; };
		ABD2B17E2B68F83B00316F64 /* TipCalcUITestsLaunchTests.swift */ = {isa = PBXFileReference; lastKnownFileType = sourcecode.swift; path = TipCalcUITestsLaunchTests.swift; sourceTree = "<group>"; };
/* End PBXFileReference section */

/* Begin PBXFrameworksBuildPhase section */
		ABD2B15A2B68F83900316F64 /* Frameworks */ = {
			isa = PBXFrameworksBuildPhase;
			buildActionMask = 2147483647;
			files = (
			);
			runOnlyForDeploymentPostprocessing = 0;
		};
		ABD2B16B2B68F83B00316F64 /* Frameworks */ = {
			isa = PBXFrameworksBuildPhase;
			buildActionMask = 2147483647;
			files = (
			);
			runOnlyForDeploymentPostprocessing = 0;
		};
		ABD2B1752B68F83B00316F64 /* Frameworks */ = {
			isa = PBXFrameworksBuildPhase;
			buildActionMask = 2147483647;
			files = (
			);
			runOnlyForDeploymentPostprocessing = 0;
		};
/* End PBXFrameworksBuildPhase section */

/* Begin PBXGroup section */
		ABD2B1542B68F83900316F64 = {
			isa = PBXGroup;
			children = (
				ABD2B15F2B68F83900316F64 /* TipCalc */,
				ABD2B1712B68F83B00316F64 /* TipCalcTests */,
				ABD2B17B2B68F83B00316F64 /* TipCalcUITests */,
				ABD2B15E2B68F83900316F64 /* Products */,
			);
			sourceTree = "<group>";
		};
		ABD2B15E2B68F83900316F64 /* Products */ = {
			isa = PBXGroup;
			children = (
				ABD2B15D2B68F83900316F64 /* TipCalc.app */,
				ABD2B16E2B68F83B00316F64 /* TipCalcTests.xctest */,
				ABD2B1782B68F83B00316F64 /* TipCalcUITests.xctest */,
			);
			name = Products;
			sourceTree = "<group>";
		};
		ABD2B15F2B68F83900316F64 /* TipCalc */ = {
			isa = PBXGroup;
			children = (
				ABD2B1602B68F83900316F64 /* TipCalcApp.swift */,
				ABD2B1622B68F83900316F64 /* ContentView.swift */,
				ABD2B1642B68F83B00316F64 /* Assets.xcassets */,
				ABD2B1662B68F83B00316F64 /* TipCalc.entitlements */,
				ABD2B1672B68F83B00316F64 /* Preview Content */,
			);
			path = TipCalc;
			sourceTree = "<group>";
		};
		ABD2B1672B68F83B00316F64 /* Preview Content */ = {
			isa = PBXGroup;
			children = (
				ABD2B1682B68F83B00316F64 /* Preview Assets.xcassets */,
			);
			path = "Preview Content";
			sourceTree = "<group>";
		};
		ABD2B1712B68F83B00316F64 /* TipCalcTests */ = {
			isa = PBXGroup;
			children = (
				ABD2B1722B68F83B00316F64 /* TipCalcTests.swift */,
			);
			path = TipCalcTests;
			sourceTree = "<group>";
		};
		ABD2B17B2B68F83B00316F64 /* TipCalcUITests */ = {
			isa = PBXGroup;
			children = (
				ABD2B17C2B68F83B00316F64 /* TipCalcUITests.swift */,
				ABD2B17E2B68F83B00316F64 /* TipCalcUITestsLaunchTests.swift */,
			);
			path = TipCalcUITests;
			sourceTree = "<group>";
		};
/* End PBXGroup section */

/* Begin PBXNativeTarget section */
		ABD2B15C2B68F83900316F64 /* TipCalc */ = {
			isa = PBXNativeTarget;
			buildConfigurationList = ABD2B1822B68F83B00316F64 /* Build configuration list for PBXNativeTarget "TipCalc" */;
			buildPhases = (
				ABD2B1592B68F83900316F64 /* Sources */,
				ABD2B15A2B68F83900316F64 /* Frameworks */,
				ABD2B15B2B68F83900316F64 /* Resources */,
			);
			buildRules = (
			);
			dependencies = (
			);
			name = TipCalc;
			productName = TipCalc;
			productReference = ABD2B15D2B68F83900316F64 /* TipCalc.app */;
			productType = "com.apple.product-type.application";
		};
		ABD2B16D2B68F83B00316F64 /* TipCalcTests */ = {
			isa = PBXNativeTarget;
			buildConfigurationList = ABD2B1852B68F83B00316F64 /* Build configuration list for PBXNativeTarget "TipCalcTests" */;
			buildPhases = (
				ABD2B16A2B68F83B00316F64 /* Sources */,
				ABD2B16B2B68F83B00316F64 /* Frameworks */,
				ABD2B16C2B68F83B00316F64 /* Resources */,
			);
			buildRules = (
			);
			dependencies = (
				ABD2B1702B68F83B00316F64 /* PBXTargetDependency */,
			);
			name = TipCalcTests;
			productName = TipCalcTests;
			productReference = ABD2B16E2B68F83B00316F64 /* TipCalcTests.xctest */;
			productType = "com.apple.product-type.bundle.unit-test";
		};
		ABD2B1772B68F83B00316F64 /* TipCalcUITests */ = {
			isa = PBXNativeTarget;
			buildConfigurationList = ABD2B1882B68F83B00316F64 /* Build configuration list for PBXNativeTarget "TipCalcUITests" */;
			buildPhases = (
				ABD2B1742B68F83B00316F64 /* Sources */,
				ABD2B1752B68F83B00316F64 /* Frameworks */,
				ABD2B1762B68F83B00316F64 /* Resources */,
			);
			buildRules = (
			);
			dependencies = (
				ABD2B17A2B68F83B00316F64 /* PBXTargetDependency */,
			);
			name = TipCalcUITests;
			productName = TipCalcUITests;
			productReference = ABD2B1782B68F83B00316F64 /* TipCalcUITests.xctest */;
			productType = "com.apple.product-type.bundle.ui-testing";
		};
/* End PBXNativeTarget section */

/* Begin PBXProject section */
		ABD2B1552B68F83900316F64 /* Project object */ = {
			isa = PBXProject;
			attributes = {
				BuildIndependentTargetsInParallel = 1;
				LastSwiftUpdateCheck = 1520;
				LastUpgradeCheck = 1520;
				TargetAttributes = {
					ABD2B15C2B68F83900316F64 = {
						CreatedOnToolsVersion = 15.2;
					};
					ABD2B16D2B68F83B00316F64 = {
						CreatedOnToolsVersion = 15.2;
						TestTargetID = ABD2B15C2B68F83900316F64;
					};
					ABD2B1772B68F83B00316F64 = {
						CreatedOnToolsVersion = 15.2;
						TestTargetID = ABD2B15C2B68F83900316F64;
					};
				};
			};
			buildConfigurationList = ABD2B1582B68F83900316F64 /* Build configuration list for PBXProject "TipCalc" */;
			compatibilityVersion = "Xcode 14.0";
			developmentRegion = en;
			hasScannedForEncodings = 0;
			knownRegions = (
				en,
				Base,
			);
			mainGroup = ABD2B1542B68F83900316F64;
			productRefGroup = ABD2B15E2B68F83900316F64 /* Products */;
			projectDirPath = "";
			projectRoot = "";
			targets = (
				ABD2B15C2B68F83900316F64 /* TipCalc */,
				ABD2B16D2B68F83B00316F64 /* TipCalcTests */,
				ABD2B1772B68F83B00316F64 /* TipCalcUITests */,
			);
		};
/* End PBXProject section */

/* Begin PBXResourcesBuildPhase section */
		ABD2B15B2B68F83900316F64 /* Resources */ = {
			isa = PBXResourcesBuildPhase;
			buildActionMask = 2147483647;
			files = (
				ABD2B1692B68F83B00316F64 /* Preview Assets.xcassets in Resources */,
				ABD2B1652B68F83B00316F64 /* Assets.xcassets in Resources */,
			);
			runOnlyForDeploymentPostprocessing = 0;
		};
		ABD2B16C2B68F83B00316F64 /* Resources */ = {
			isa = PBXResourcesBuildPhase;
			buildActionMask = 2147483647;
			files = (
			);
			runOnlyForDeploymentPostprocessing = 0;
		};
		ABD2B1762B68F83B00316F64 /* Resources */ = {
			isa = PBXResourcesBuildPhase;
			buildActionMask = 2147483647;
			files = (
			);
			runOnlyForDeploymentPostprocessing = 0;
		};
/* End PBXResourcesBuildPhase section */

/* Begin PBXSourcesBuildPhase section */
		ABD2B1592B68F83900316F64 /* Sources */ = {
			isa = PBXSourcesBuildPhase;
			buildActionMask = 2147483647;
			files = (
				ABD2B1632B68F83900316F64 /* ContentView.swift in Sources */,
				ABD2B1612B68F83900316F64 /* TipCalcApp.swift in Sources */,
			);
			runOnlyForDeploymentPostprocessing = 0;
		};
		ABD2B16A2B68F83B00316F64 /* Sources */ = {
			isa = PBXSourcesBuildPhase;
			buildActionMask = 2147483647;
			files = (
				ABD2B1732B68F83B00316F64 /* TipCalcTests.swift in Sources */,
			);
			runOnlyForDeploymentPostprocessing = 0;
		};
		ABD2B1742B68F83B00316F64 /* Sources */ = {
			isa = PBXSourcesBuildPhase;
			buildActionMask = 2147483647;
			files = (
				ABD2B17D2B68F83B00316F64 /* TipCalcUITests.swift in Sources */,
				ABD2B17F2B68F83B00316F64 /* TipCalcUITestsLaunchTests.swift in Sources */,
			);
			runOnlyForDeploymentPostprocessing = 0;
		};
/* End PBXSourcesBuildPhase section */

/* Begin PBXTargetDependency section */
		ABD2B1702B68F83B00316F64 /* PBXTargetDependency */ = {
			isa = PBXTargetDependency;
			target = ABD2B15C2B68F83900316F64 /* TipCalc */;
			targetProxy = ABD2B16F2B68F83B00316F64 /* PBXContainerItemProxy */;
		};
		ABD2B17A2B68F83B00316F64 /* PBXTargetDependency */ = {
			isa = PBXTargetDependency;
			target = ABD2B15C2B68F83900316F64 /* TipCalc */;
			targetProxy = ABD2B1792B68F83B00316F64 /* PBXContainerItemProxy */;
		};
/* End PBXTargetDependency section */

/* Begin XCBuildConfiguration section */
		ABD2B1802B68F83B00316F64 /* Debug */ = {
			isa = XCBuildConfiguration;
			buildSettings = {
				ALWAYS_SEARCH_USER_PATHS = NO;
				ASSETCATALOG_COMPILER_GENERATE_SWIFT_ASSET_SYMBOL_EXTENSIONS = YES;
				CLANG_ANALYZER_NONNULL = YES;
				CLANG_ANALYZER_NUMBER_OBJECT_CONVERSION = YES_AGGRESSIVE;
				CLANG_CXX_LANGUAGE_STANDARD = "gnu++20";
				CLANG_ENABLE_MODULES = YES;
				CLANG_ENABLE_OBJC_ARC = YES;
				CLANG_ENABLE_OBJC_WEAK = YES;
				CLANG_WARN_BLOCK_CAPTURE_AUTORELEASING = YES;
				CLANG_WARN_BOOL_CONVERSION = YES;
				CLANG_WARN_COMMA = YES;
				CLANG_WARN_CONSTANT_CONVERSION = YES;
				CLANG_WARN_DEPRECATED_OBJC_IMPLEMENTATIONS = YES;
				CLANG_WARN_DIRECT_OBJC_ISA_USAGE = YES_ERROR;
				CLANG_WARN_DOCUMENTATION_COMMENTS = YES;
				CLANG_WARN_EMPTY_BODY = YES;
				CLANG_WARN_ENUM_CONVERSION = YES;
				CLANG_WARN_INFINITE_RECURSION = YES;
				CLANG_WARN_INT_CONVERSION = YES;
				CLANG_WARN_NON_LITERAL_NULL_CONVERSION = YES;
				CLANG_WARN_OBJC_IMPLICIT_RETAIN_SELF = YES;
				CLANG_WARN_OBJC_LITERAL_CONVERSION = YES;
				CLANG_WARN_OBJC_ROOT_CLASS = YES_ERROR;
				CLANG_WARN_QUOTED_INCLUDE_IN_FRAMEWORK_HEADER = YES;
				CLANG_WARN_RANGE_LOOP_ANALYSIS = YES;
				CLANG_WARN_STRICT_PROTOTYPES = YES;
				CLANG_WARN_SUSPICIOUS_MOVE = YES;
				CLANG_WARN_UNGUARDED_AVAILABILITY = YES_AGGRESSIVE;
				CLANG_WARN_UNREACHABLE_CODE = YES;
				CLANG_WARN__DUPLICATE_METHOD_MATCH = YES;
				COPY_PHASE_STRIP = NO;
				DEBUG_INFORMATION_FORMAT = dwarf;
				ENABLE_STRICT_OBJC_MSGSEND = YES;
				ENABLE_TESTABILITY = YES;
				ENABLE_USER_SCRIPT_SANDBOXING = YES;
				GCC_C_LANGUAGE_STANDARD = gnu17;
				GCC_DYNAMIC_NO_PIC = NO;
				GCC_NO_COMMON_BLOCKS = YES;
				GCC_OPTIMIZATION_LEVEL = 0;
				GCC_PREPROCESSOR_DEFINITIONS = (
					"DEBUG=1",
					"$(inherited)",
				);
				GCC_WARN_64_TO_32_BIT_CONVERSION = YES;
				GCC_WARN_ABOUT_RETURN_TYPE = YES_ERROR;
				GCC_WARN_UNDECLARED_SELECTOR = YES;
				GCC_WARN_UNINITIALIZED_AUTOS = YES_AGGRESSIVE;
				GCC_WARN_UNUSED_FUNCTION = YES;
				GCC_WARN_UNUSED_VARIABLE = YES;
				LOCALIZATION_PREFERS_STRING_CATALOGS = YES;
				MTL_ENABLE_DEBUG_INFO = INCLUDE_SOURCE;
				MTL_FAST_MATH = YES;
				ONLY_ACTIVE_ARCH = YES;
				SWIFT_ACTIVE_COMPILATION_CONDITIONS = "DEBUG $(inherited)";
				SWIFT_OPTIMIZATION_LEVEL = "-Onone";
			};
			name = Debug;
		};
		ABD2B1812B68F83B00316F64 /* Release */ = {
			isa = XCBuildConfiguration;
			buildSettings = {
				ALWAYS_SEARCH_USER_PATHS = NO;
				ASSETCATALOG_COMPILER_GENERATE_SWIFT_ASSET_SYMBOL_EXTENSIONS = YES;
				CLANG_ANALYZER_NONNULL = YES;
				CLANG_ANALYZER_NUMBER_OBJECT_CONVERSION = YES_AGGRESSIVE;
				CLANG_CXX_LANGUAGE_STANDARD = "gnu++20";
				CLANG_ENABLE_MODULES = YES;
				CLANG_ENABLE_OBJC_ARC = YES;
				CLANG_ENABLE_OBJC_WEAK = YES;
				CLANG_WARN_BLOCK_CAPTURE_AUTORELEASING = YES;
				CLANG_WARN_BOOL_CONVERSION = YES;
				CLANG_WARN_COMMA = YES;
				CLANG_WARN_CONSTANT_CONVERSION = YES;
				CLANG_WARN_DEPRECATED_OBJC_IMPLEMENTATIONS = YES;
				CLANG_WARN_DIRECT_OBJC_ISA_USAGE = YES_ERROR;
				CLANG_WARN_DOCUMENTATION_COMMENTS = YES;
				CLANG_WARN_EMPTY_BODY = YES;
				CLANG_WARN_ENUM_CONVERSION = YES;
				CLANG_WARN_INFINITE_RECURSION = YES;
				CLANG_WARN_INT_CONVERSION = YES;
				CLANG_WARN_NON_LITERAL_NULL_CONVERSION = YES;
				CLANG_WARN_OBJC_IMPLICIT_RETAIN_SELF = YES;
				CLANG_WARN_OBJC_LITERAL_CONVERSION = YES;
				CLANG_WARN_OBJC_ROOT_CLASS = YES_ERROR;
				CLANG_WARN_QUOTED_INCLUDE_IN_FRAMEWORK_HEADER = YES;
				CLANG_WARN_RANGE_LOOP_ANALYSIS = YES;
				CLANG_WARN_STRICT_PROTOTYPES = YES;
				CLANG_WARN_SUSPICIOUS_MOVE = YES;
				CLANG_WARN_UNGUARDED_AVAILABILITY = YES_AGGRESSIVE;
				CLANG_WARN_UNREACHABLE_CODE = YES;
				CLANG_WARN__DUPLICATE_METHOD_MATCH = YES;
				COPY_PHASE_STRIP = NO;
				DEBUG_INFORMATION_FORMAT = "dwarf-with-dsym";
				ENABLE_NS_ASSERTIONS = NO;
				ENABLE_STRICT_OBJC_MSGSEND = YES;
				ENABLE_USER_SCRIPT_SANDBOXING = YES;
				GCC_C_LANGUAGE_STANDARD = gnu17;
				GCC_NO_COMMON_BLOCKS = YES;
				GCC_WARN_64_TO_32_BIT_CONVERSION = YES;
				GCC_WARN_ABOUT_RETURN_TYPE = YES_ERROR;
				GCC_WARN_UNDECLARED_SELECTOR = YES;
				GCC_WARN_UNINITIALIZED_AUTOS = YES_AGGRESSIVE;
				GCC_WARN_UNUSED_FUNCTION = YES;
				GCC_WARN_UNUSED_VARIABLE = YES;
				LOCALIZATION_PREFERS_STRING_CATALOGS = YES;
				MTL_ENABLE_DEBUG_INFO = NO;
				MTL_FAST_MATH = YES;
				SWIFT_COMPILATION_MODE = wholemodule;
			};
			name = Release;
		};
		ABD2B1832B68F83B00316F64 /* Debug */ = {
			isa = XCBuildConfiguration;
			buildSettings = {
				ASSETCATALOG_COMPILER_APPICON_NAME = AppIcon;
				ASSETCATALOG_COMPILER_GLOBAL_ACCENT_COLOR_NAME = AccentColor;
				CODE_SIGN_ENTITLEMENTS = TipCalc/TipCalc.entitlements;
				CODE_SIGN_STYLE = Automatic;
				CURRENT_PROJECT_VERSION = 1;
				DEVELOPMENT_ASSET_PATHS = "\"TipCalc/Preview Content\"";
				DEVELOPMENT_TEAM = NQQ5SU68X8;
				ENABLE_HARDENED_RUNTIME = YES;
				ENABLE_PREVIEWS = YES;
				GENERATE_INFOPLIST_FILE = YES;
				"INFOPLIST_KEY_UIApplicationSceneManifest_Generation[sdk=iphoneos*]" = YES;
				"INFOPLIST_KEY_UIApplicationSceneManifest_Generation[sdk=iphonesimulator*]" = YES;
				"INFOPLIST_KEY_UIApplicationSupportsIndirectInputEvents[sdk=iphoneos*]" = YES;
				"INFOPLIST_KEY_UIApplicationSupportsIndirectInputEvents[sdk=iphonesimulator*]" = YES;
				"INFOPLIST_KEY_UILaunchScreen_Generation[sdk=iphoneos*]" = YES;
				"INFOPLIST_KEY_UILaunchScreen_Generation[sdk=iphonesimulator*]" = YES;
				"INFOPLIST_KEY_UIStatusBarStyle[sdk=iphoneos*]" = UIStatusBarStyleDefault;
				"INFOPLIST_KEY_UIStatusBarStyle[sdk=iphonesimulator*]" = UIStatusBarStyleDefault;
				INFOPLIST_KEY_UISupportedInterfaceOrientations_iPad = "UIInterfaceOrientationPortrait UIInterfaceOrientationPortraitUpsideDown UIInterfaceOrientationLandscapeLeft UIInterfaceOrientationLandscapeRight";
				INFOPLIST_KEY_UISupportedInterfaceOrientations_iPhone = "UIInterfaceOrientationPortrait UIInterfaceOrientationLandscapeLeft UIInterfaceOrientationLandscapeRight";
				IPHONEOS_DEPLOYMENT_TARGET = 17.2;
				LD_RUNPATH_SEARCH_PATHS = "@executable_path/Frameworks";
				"LD_RUNPATH_SEARCH_PATHS[sdk=macosx*]" = "@executable_path/../Frameworks";
				MACOSX_DEPLOYMENT_TARGET = 14.2;
				MARKETING_VERSION = 1.0;
				PRODUCT_BUNDLE_IDENTIFIER = kmachida12345.TipCalc;
				PRODUCT_NAME = "$(TARGET_NAME)";
				SDKROOT = auto;
				SUPPORTED_PLATFORMS = "iphoneos iphonesimulator macosx";
				SWIFT_EMIT_LOC_STRINGS = YES;
				SWIFT_VERSION = 5.0;
				TARGETED_DEVICE_FAMILY = "1,2";
			};
			name = Debug;
		};
		ABD2B1842B68F83B00316F64 /* Release */ = {
			isa = XCBuildConfiguration;
			buildSettings = {
				ASSETCATALOG_COMPILER_APPICON_NAME = AppIcon;
				ASSETCATALOG_COMPILER_GLOBAL_ACCENT_COLOR_NAME = AccentColor;
				CODE_SIGN_ENTITLEMENTS = TipCalc/TipCalc.entitlements;
				CODE_SIGN_STYLE = Automatic;
				CURRENT_PROJECT_VERSION = 1;
				DEVELOPMENT_ASSET_PATHS = "\"TipCalc/Preview Content\"";
				DEVELOPMENT_TEAM = NQQ5SU68X8;
				ENABLE_HARDENED_RUNTIME = YES;
				ENABLE_PREVIEWS = YES;
				GENERATE_INFOPLIST_FILE = YES;
				"INFOPLIST_KEY_UIApplicationSceneManifest_Generation[sdk=iphoneos*]" = YES;
				"INFOPLIST_KEY_UIApplicationSceneManifest_Generation[sdk=iphonesimulator*]" = YES;
				"INFOPLIST_KEY_UIApplicationSupportsIndirectInputEvents[sdk=iphoneos*]" = YES;
				"INFOPLIST_KEY_UIApplicationSupportsIndirectInputEvents[sdk=iphonesimulator*]" = YES;
				"INFOPLIST_KEY_UILaunchScreen_Generation[sdk=iphoneos*]" = YES;
				"INFOPLIST_KEY_UILaunchScreen_Generation[sdk=iphonesimulator*]" = YES;
				"INFOPLIST_KEY_UIStatusBarStyle[sdk=iphoneos*]" = UIStatusBarStyleDefault;
				"INFOPLIST_KEY_UIStatusBarStyle[sdk=iphonesimulator*]" = UIStatusBarStyleDefault;
				INFOPLIST_KEY_UISupportedInterfaceOrientations_iPad = "UIInterfaceOrientationPortrait UIInterfaceOrientationPortraitUpsideDown UIInterfaceOrientationLandscapeLeft UIInterfaceOrientationLandscapeRight";
				INFOPLIST_KEY_UISupportedInterfaceOrientations_iPhone = "UIInterfaceOrientationPortrait UIInterfaceOrientationLandscapeLeft UIInterfaceOrientationLandscapeRight";
				IPHONEOS_DEPLOYMENT_TARGET = 17.2;
				LD_RUNPATH_SEARCH_PATHS = "@executable_path/Frameworks";
				"LD_RUNPATH_SEARCH_PATHS[sdk=macosx*]" = "@executable_path/../Frameworks";
				MACOSX_DEPLOYMENT_TARGET = 14.2;
				MARKETING_VERSION = 1.0;
				PRODUCT_BUNDLE_IDENTIFIER = kmachida12345.TipCalc;
				PRODUCT_NAME = "$(TARGET_NAME)";
				SDKROOT = auto;
				SUPPORTED_PLATFORMS = "iphoneos iphonesimulator macosx";
				SWIFT_EMIT_LOC_STRINGS = YES;
				SWIFT_VERSION = 5.0;
				TARGETED_DEVICE_FAMILY = "1,2";
			};
			name = Release;
		};
		ABD2B1862B68F83B00316F64 /* Debug */ = {
			isa = XCBuildConfiguration;
			buildSettings = {
				ALWAYS_EMBED_SWIFT_STANDARD_LIBRARIES = YES;
				BUNDLE_LOADER = "$(TEST_HOST)";
				CODE_SIGN_STYLE = Automatic;
				CURRENT_PROJECT_VERSION = 1;
				DEVELOPMENT_TEAM = NQQ5SU68X8;
				GENERATE_INFOPLIST_FILE = YES;
				IPHONEOS_DEPLOYMENT_TARGET = 17.2;
				MACOSX_DEPLOYMENT_TARGET = 14.2;
				MARKETING_VERSION = 1.0;
				PRODUCT_BUNDLE_IDENTIFIER = kmachida12345.TipCalcTests;
				PRODUCT_NAME = "$(TARGET_NAME)";
				SDKROOT = auto;
				SUPPORTED_PLATFORMS = "iphoneos iphonesimulator macosx";
				SWIFT_EMIT_LOC_STRINGS = NO;
				SWIFT_VERSION = 5.0;
				TARGETED_DEVICE_FAMILY = "1,2";
				TEST_HOST = "$(BUILT_PRODUCTS_DIR)/TipCalc.app/$(BUNDLE_EXECUTABLE_FOLDER_PATH)/TipCalc";
			};
			name = Debug;
		};
		ABD2B1872B68F83B00316F64 /* Release */ = {
			isa = XCBuildConfiguration;
			buildSettings = {
				ALWAYS_EMBED_SWIFT_STANDARD_LIBRARIES = YES;
				BUNDLE_LOADER = "$(TEST_HOST)";
				CODE_SIGN_STYLE = Automatic;
				CURRENT_PROJECT_VERSION = 1;
				DEVELOPMENT_TEAM = NQQ5SU68X8;
				GENERATE_INFOPLIST_FILE = YES;
				IPHONEOS_DEPLOYMENT_TARGET = 17.2;
				MACOSX_DEPLOYMENT_TARGET = 14.2;
				MARKETING_VERSION = 1.0;
				PRODUCT_BUNDLE_IDENTIFIER = kmachida12345.TipCalcTests;
				PRODUCT_NAME = "$(TARGET_NAME)";
				SDKROOT = auto;
				SUPPORTED_PLATFORMS = "iphoneos iphonesimulator macosx";
				SWIFT_EMIT_LOC_STRINGS = NO;
				SWIFT_VERSION = 5.0;
				TARGETED_DEVICE_FAMILY = "1,2";
				TEST_HOST = "$(BUILT_PRODUCTS_DIR)/TipCalc.app/$(BUNDLE_EXECUTABLE_FOLDER_PATH)/TipCalc";
			};
			name = Release;
		};
		ABD2B1892B68F83B00316F64 /* Debug */ = {
			isa = XCBuildConfiguration;
			buildSettings = {
				ALWAYS_EMBED_SWIFT_STANDARD_LIBRARIES = YES;
				CODE_SIGN_STYLE = Automatic;
				CURRENT_PROJECT_VERSION = 1;
				DEVELOPMENT_TEAM = NQQ5SU68X8;
				GENERATE_INFOPLIST_FILE = YES;
				IPHONEOS_DEPLOYMENT_TARGET = 17.2;
				MACOSX_DEPLOYMENT_TARGET = 14.2;
				MARKETING_VERSION = 1.0;
				PRODUCT_BUNDLE_IDENTIFIER = kmachida12345.TipCalcUITests;
				PRODUCT_NAME = "$(TARGET_NAME)";
				SDKROOT = auto;
				SUPPORTED_PLATFORMS = "iphoneos iphonesimulator macosx";
				SWIFT_EMIT_LOC_STRINGS = NO;
				SWIFT_VERSION = 5.0;
				TARGETED_DEVICE_FAMILY = "1,2";
				TEST_TARGET_NAME = TipCalc;
			};
			name = Debug;
		};
		ABD2B18A2B68F83B00316F64 /* Release */ = {
			isa = XCBuildConfiguration;
			buildSettings = {
				ALWAYS_EMBED_SWIFT_STANDARD_LIBRARIES = YES;
				CODE_SIGN_STYLE = Automatic;
				CURRENT_PROJECT_VERSION = 1;
				DEVELOPMENT_TEAM = NQQ5SU68X8;
				GENERATE_INFOPLIST_FILE = YES;
				IPHONEOS_DEPLOYMENT_TARGET = 17.2;
				MACOSX_DEPLOYMENT_TARGET = 14.2;
				MARKETING_VERSION = 1.0;
				PRODUCT_BUNDLE_IDENTIFIER = kmachida12345.TipCalcUITests;
				PRODUCT_NAME = "$(TARGET_NAME)";
				SDKROOT = auto;
				SUPPORTED_PLATFORMS = "iphoneos iphonesimulator macosx";
				SWIFT_EMIT_LOC_STRINGS = NO;
				SWIFT_VERSION = 5.0;
				TARGETED_DEVICE_FAMILY = "1,2";
				TEST_TARGET_NAME = TipCalc;
			};
			name = Release;
		};
/* End XCBuildConfiguration section */

/* Begin XCConfigurationList section */
		ABD2B1582B68F83900316F64 /* Build configuration list for PBXProject "TipCalc" */ = {
			isa = XCConfigurationList;
			buildConfigurations = (
				ABD2B1802B68F83B00316F64 /* Debug */,
				ABD2B1812B68F83B00316F64 /* Release */,
			);
			defaultConfigurationIsVisible = 0;
			defaultConfigurationName = Release;
		};
		ABD2B1822B68F83B00316F64 /* Build configuration list for PBXNativeTarget "TipCalc" */ = {
			isa = XCConfigurationList;
			buildConfigurations = (
				ABD2B1832B68F83B00316F64 /* Debug */,
				ABD2B1842B68F83B00316F64 /* Release */,
			);
			defaultConfigurationIsVisible = 0;
			defaultConfigurationName = Release;
		};
		ABD2B1852B68F83B00316F64 /* Build configuration list for PBXNativeTarget "TipCalcTests" */ = {
			isa = XCConfigurationList;
			buildConfigurations = (
				ABD2B1862B68F83B00316F64 /* Debug */,
				ABD2B1872B68F83B00316F64 /* Release */,
			);
			defaultConfigurationIsVisible = 0;
			defaultConfigurationName = Release;
		};
		ABD2B1882B68F83B00316F64 /* Build configuration list for PBXNativeTarget "TipCalcUITests" */ = {
			isa = XCConfigurationList;
			buildConfigurations = (
				ABD2B1892B68F83B00316F64 /* Debug */,
				ABD2B18A2B68F83B00316F64 /* Release */,
			);
			defaultConfigurationIsVisible = 0;
			defaultConfigurationName = Release;
		};
/* End XCConfigurationList section */
	};
	rootObject = ABD2B1552B68F83900316F64 /* Project object */;
}
